// !$*UTF8*$!
{
	archiveVersion = 1;
	classes = {
	};
	objectVersion = 48;
	objects = {

/* Begin PBXBuildFile section */
		AD0EC87220171DBD00632129 /* AppDelegate.m in Sources */ = {isa = PBXBuildFile; fileRef = AD0EC87120171DBD00632129 /* AppDelegate.m */; };
		AD0EC87820171DBD00632129 /* Main.storyboard in Resources */ = {isa = PBXBuildFile; fileRef = AD0EC87620171DBD00632129 /* Main.storyboard */; };
		AD0EC87A20171DBD00632129 /* Assets.xcassets in Resources */ = {isa = PBXBuildFile; fileRef = AD0EC87920171DBD00632129 /* Assets.xcassets */; };
		AD0EC87D20171DBD00632129 /* LaunchScreen.storyboard in Resources */ = {isa = PBXBuildFile; fileRef = AD0EC87B20171DBD00632129 /* LaunchScreen.storyboard */; };
		AD0EC88020171DBD00632129 /* main.m in Sources */ = {isa = PBXBuildFile; fileRef = AD0EC87F20171DBD00632129 /* main.m */; };
		AD0EC88820171E2900632129 /* MainTableViewController.m in Sources */ = {isa = PBXBuildFile; fileRef = AD0EC88720171E2900632129 /* MainTableViewController.m */; };
		AD0EC88C201720C000632129 /* StillAndVideoViewController.m in Sources */ = {isa = PBXBuildFile; fileRef = AD0EC88B201720C000632129 /* StillAndVideoViewController.m */; };
/* End PBXBuildFile section */

/* Begin PBXFileReference section */
		AD0EC86D20171DBD00632129 /* AVFoundationDemo.app */ = {isa = PBXFileReference; explicitFileType = wrapper.application; includeInIndex = 0; path = AVFoundationDemo.app; sourceTree = BUILT_PRODUCTS_DIR; };
		AD0EC87020171DBD00632129 /* AppDelegate.h */ = {isa = PBXFileReference; lastKnownFileType = sourcecode.c.h; path = AppDelegate.h; sourceTree = "<group>"; };
		AD0EC87120171DBD00632129 /* AppDelegate.m */ = {isa = PBXFileReference; lastKnownFileType = sourcecode.c.objc; path = AppDelegate.m; sourceTree = "<group>"; };
		AD0EC87720171DBD00632129 /* Base */ = {isa = PBXFileReference; lastKnownFileType = file.storyboard; name = Base; path = Base.lproj/Main.storyboard; sourceTree = "<group>"; };
		AD0EC87920171DBD00632129 /* Assets.xcassets */ = {isa = PBXFileReference; lastKnownFileType = folder.assetcatalog; path = Assets.xcassets; sourceTree = "<group>"; };
		AD0EC87C20171DBD00632129 /* Base */ = {isa = PBXFileReference; lastKnownFileType = file.storyboard; name = Base; path = Base.lproj/LaunchScreen.storyboard; sourceTree = "<group>"; };
		AD0EC87E20171DBD00632129 /* Info.plist */ = {isa = PBXFileReference; lastKnownFileType = text.plist.xml; path = Info.plist; sourceTree = "<group>"; };
		AD0EC87F20171DBD00632129 /* main.m */ = {isa = PBXFileReference; lastKnownFileType = sourcecode.c.objc; path = main.m; sourceTree = "<group>"; };
		AD0EC88620171E2800632129 /* MainTableViewController.h */ = {isa = PBXFileReference; lastKnownFileType = sourcecode.c.h; path = MainTableViewController.h; sourceTree = "<group>"; };
		AD0EC88720171E2900632129 /* MainTableViewController.m */ = {isa = PBXFileReference; lastKnownFileType = sourcecode.c.objc; path = MainTableViewController.m; sourceTree = "<group>"; };
		AD0EC88A201720C000632129 /* StillAndVideoViewController.h */ = {isa = PBXFileReference; lastKnownFileType = sourcecode.c.h; path = StillAndVideoViewController.h; sourceTree = "<group>"; };
		AD0EC88B201720C000632129 /* StillAndVideoViewController.m */ = {isa = PBXFileReference; lastKnownFileType = sourcecode.c.objc; path = StillAndVideoViewController.m; sourceTree = "<group>"; };
		AD0EC88E2017221700632129 /* PrefixHeader.pch */ = {isa = PBXFileReference; lastKnownFileType = sourcecode.c.h; path = PrefixHeader.pch; sourceTree = "<group>"; };
/* End PBXFileReference section */

/* Begin PBXFrameworksBuildPhase section */
		AD0EC86A20171DBD00632129 /* Frameworks */ = {
			isa = PBXFrameworksBuildPhase;
			buildActionMask = 2147483647;
			files = (
			);
			runOnlyForDeploymentPostprocessing = 0;
		};
/* End PBXFrameworksBuildPhase section */

/* Begin PBXGroup section */
		AD0EC86420171DBD00632129 = {
			isa = PBXGroup;
			children = (
				AD0EC86F20171DBD00632129 /* AVFoundationDemo */,
				AD0EC86E20171DBD00632129 /* Products */,
			);
			sourceTree = "<group>";
		};
		AD0EC86E20171DBD00632129 /* Products */ = {
			isa = PBXGroup;
			children = (
				AD0EC86D20171DBD00632129 /* AVFoundationDemo.app */,
			);
			name = Products;
			sourceTree = "<group>";
		};
		AD0EC86F20171DBD00632129 /* AVFoundationDemo */ = {
			isa = PBXGroup;
			children = (
				AD0EC87020171DBD00632129 /* AppDelegate.h */,
				AD0EC87120171DBD00632129 /* AppDelegate.m */,
				AD0EC88620171E2800632129 /* MainTableViewController.h */,
				AD0EC88720171E2900632129 /* MainTableViewController.m */,
				AD0EC8892017201C00632129 /* still and video media capture */,
				AD0EC87620171DBD00632129 /* Main.storyboard */,
				AD0EC87920171DBD00632129 /* Assets.xcassets */,
				AD0EC87B20171DBD00632129 /* LaunchScreen.storyboard */,
				AD0EC87E20171DBD00632129 /* Info.plist */,
				AD0EC87F20171DBD00632129 /* main.m */,
				AD0EC88E2017221700632129 /* PrefixHeader.pch */,
			);
			path = AVFoundationDemo;
			sourceTree = "<group>";
		};
		AD0EC8892017201C00632129 /* still and video media capture */ = {
			isa = PBXGroup;
			children = (
				AD0EC88A201720C000632129 /* StillAndVideoViewController.h */,
				AD0EC88B201720C000632129 /* StillAndVideoViewController.m */,
			);
			path = "still and video media capture";
			sourceTree = "<group>";
		};
/* End PBXGroup section */

/* Begin PBXNativeTarget section */
		AD0EC86C20171DBD00632129 /* AVFoundationDemo */ = {
			isa = PBXNativeTarget;
			buildConfigurationList = AD0EC88320171DBD00632129 /* Build configuration list for PBXNativeTarget "AVFoundationDemo" */;
			buildPhases = (
				AD0EC86920171DBD00632129 /* Sources */,
				AD0EC86A20171DBD00632129 /* Frameworks */,
				AD0EC86B20171DBD00632129 /* Resources */,
			);
			buildRules = (
			);
			dependencies = (
			);
			name = AVFoundationDemo;
			productName = AVFoundationDemo;
			productReference = AD0EC86D20171DBD00632129 /* AVFoundationDemo.app */;
			productType = "com.apple.product-type.application";
		};
/* End PBXNativeTarget section */

/* Begin PBXProject section */
		AD0EC86520171DBD00632129 /* Project object */ = {
			isa = PBXProject;
			attributes = {
				LastUpgradeCheck = 0920;
				ORGANIZATIONNAME = lotus;
				TargetAttributes = {
					AD0EC86C20171DBD00632129 = {
						CreatedOnToolsVersion = 9.2;
						ProvisioningStyle = Manual;
					};
				};
			};
			buildConfigurationList = AD0EC86820171DBD00632129 /* Build configuration list for PBXProject "AVFoundationDemo" */;
			compatibilityVersion = "Xcode 8.0";
			developmentRegion = en;
			hasScannedForEncodings = 0;
			knownRegions = (
				en,
				Base,
			);
			mainGroup = AD0EC86420171DBD00632129;
			productRefGroup = AD0EC86E20171DBD00632129 /* Products */;
			projectDirPath = "";
			projectRoot = "";
			targets = (
				AD0EC86C20171DBD00632129 /* AVFoundationDemo */,
			);
		};
/* End PBXProject section */

/* Begin PBXResourcesBuildPhase section */
		AD0EC86B20171DBD00632129 /* Resources */ = {
			isa = PBXResourcesBuildPhase;
			buildActionMask = 2147483647;
			files = (
				AD0EC87D20171DBD00632129 /* LaunchScreen.storyboard in Resources */,
				AD0EC87A20171DBD00632129 /* Assets.xcassets in Resources */,
				AD0EC87820171DBD00632129 /* Main.storyboard in Resources */,
			);
			runOnlyForDeploymentPostprocessing = 0;
		};
/* End PBXResourcesBuildPhase section */

/* Begin PBXSourcesBuildPhase section */
		AD0EC86920171DBD00632129 /* Sources */ = {
			isa = PBXSourcesBuildPhase;
			buildActionMask = 2147483647;
			files = (
				AD0EC88020171DBD00632129 /* main.m in Sources */,
				AD0EC88C201720C000632129 /* StillAndVideoViewController.m in Sources */,
				AD0EC87220171DBD00632129 /* AppDelegate.m in Sources */,
				AD0EC88820171E2900632129 /* MainTableViewController.m in Sources */,
			);
			runOnlyForDeploymentPostprocessing = 0;
		};
/* End PBXSourcesBuildPhase section */

/* Begin PBXVariantGroup section */
		AD0EC87620171DBD00632129 /* Main.storyboard */ = {
			isa = PBXVariantGroup;
			children = (
				AD0EC87720171DBD00632129 /* Base */,
			);
			name = Main.storyboard;
			sourceTree = "<group>";
		};
		AD0EC87B20171DBD00632129 /* LaunchScreen.storyboard */ = {
			isa = PBXVariantGroup;
			children = (
				AD0EC87C20171DBD00632129 /* Base */,
			);
			name = LaunchScreen.storyboard;
			sourceTree = "<group>";
		};
/* End PBXVariantGroup section */

/* Begin XCBuildConfiguration section */
		AD0EC88120171DBD00632129 /* Debug */ = {
			isa = XCBuildConfiguration;
			buildSettings = {
				ALWAYS_SEARCH_USER_PATHS = NO;
				CLANG_ANALYZER_NONNULL = YES;
				CLANG_ANALYZER_NUMBER_OBJECT_CONVERSION = YES_AGGRESSIVE;
				CLANG_CXX_LANGUAGE_STANDARD = "gnu++14";
				CLANG_CXX_LIBRARY = "libc++";
				CLANG_ENABLE_MODULES = YES;
				CLANG_ENABLE_OBJC_ARC = YES;
				CLANG_WARN_BLOCK_CAPTURE_AUTORELEASING = YES;
				CLANG_WARN_BOOL_CONVERSION = YES;
				CLANG_WARN_COMMA = YES;
				CLANG_WARN_CONSTANT_CONVERSION = YES;
				CLANG_WARN_DIRECT_OBJC_ISA_USAGE = YES_ERROR;
				CLANG_WARN_DOCUMENTATION_COMMENTS = YES;
				CLANG_WARN_EMPTY_BODY = YES;
				CLANG_WARN_ENUM_CONVERSION = YES;
				CLANG_WARN_INFINITE_RECURSION = YES;
				CLANG_WARN_INT_CONVERSION = YES;
				CLANG_WARN_NON_LITERAL_NULL_CONVERSION = YES;
				CLANG_WARN_OBJC_LITERAL_CONVERSION = YES;
				CLANG_WARN_OBJC_ROOT_CLASS = YES_ERROR;
				CLANG_WARN_RANGE_LOOP_ANALYSIS = YES;
				CLANG_WARN_STRICT_PROTOTYPES = YES;
				CLANG_WARN_SUSPICIOUS_MOVE = YES;
				CLANG_WARN_UNGUARDED_AVAILABILITY = YES_AGGRESSIVE;
				CLANG_WARN_UNREACHABLE_CODE = YES;
				CLANG_WARN__DUPLICATE_METHOD_MATCH = YES;
				CODE_SIGN_IDENTITY = "iPhone Developer";
				COPY_PHASE_STRIP = NO;
				DEBUG_INFORMATION_FORMAT = dwarf;
				ENABLE_STRICT_OBJC_MSGSEND = YES;
				ENABLE_TESTABILITY = YES;
				GCC_C_LANGUAGE_STANDARD = gnu11;
				GCC_DYNAMIC_NO_PIC = NO;
				GCC_NO_COMMON_BLOCKS = YES;
				GCC_OPTIMIZATION_LEVEL = 0;
				GCC_PREPROCESSOR_DEFINITIONS = (
					"DEBUG=1",
					"$(inherited)",
				);
				GCC_WARN_64_TO_32_BIT_CONVERSION = YES;
				GCC_WARN_ABOUT_RETURN_TYPE = YES_ERROR;
				GCC_WARN_UNDECLARED_SELECTOR = YES;
				GCC_WARN_UNINITIALIZED_AUTOS = YES_AGGRESSIVE;
				GCC_WARN_UNUSED_FUNCTION = YES;
				GCC_WARN_UNUSED_VARIABLE = YES;
				IPHONEOS_DEPLOYMENT_TARGET = 11.2;
				MTL_ENABLE_DEBUG_INFO = YES;
				ONLY_ACTIVE_ARCH = YES;
				SDKROOT = iphoneos;
			};
			name = Debug;
		};
		AD0EC88220171DBD00632129 /* Release */ = {
			isa = XCBuildConfiguration;
			buildSettings = {
				ALWAYS_SEARCH_USER_PATHS = NO;
				CLANG_ANALYZER_NONNULL = YES;
				CLANG_ANALYZER_NUMBER_OBJECT_CONVERSION = YES_AGGRESSIVE;
				CLANG_CXX_LANGUAGE_STANDARD = "gnu++14";
				CLANG_CXX_LIBRARY = "libc++";
				CLANG_ENABLE_MODULES = YES;
				CLANG_ENABLE_OBJC_ARC = YES;
				CLANG_WARN_BLOCK_CAPTURE_AUTORELEASING = YES;
				CLANG_WARN_BOOL_CONVERSION = YES;
				CLANG_WARN_COMMA = YES;
				CLANG_WARN_CONSTANT_CONVERSION = YES;
				CLANG_WARN_DIRECT_OBJC_ISA_USAGE = YES_ERROR;
				CLANG_WARN_DOCUMENTATION_COMMENTS = YES;
				CLANG_WARN_EMPTY_BODY = YES;
				CLANG_WARN_ENUM_CONVERSION = YES;
				CLANG_WARN_INFINITE_RECURSION = YES;
				CLANG_WARN_INT_CONVERSION = YES;
				CLANG_WARN_NON_LITERAL_NULL_CONVERSION = YES;
				CLANG_WARN_OBJC_LITERAL_CONVERSION = YES;
				CLANG_WARN_OBJC_ROOT_CLASS = YES_ERROR;
				CLANG_WARN_RANGE_LOOP_ANALYSIS = YES;
				CLANG_WARN_STRICT_PROTOTYPES = YES;
				CLANG_WARN_SUSPICIOUS_MOVE = YES;
				CLANG_WARN_UNGUARDED_AVAILABILITY = YES_AGGRESSIVE;
				CLANG_WARN_UNREACHABLE_CODE = YES;
				CLANG_WARN__DUPLICATE_METHOD_MATCH = YES;
				CODE_SIGN_IDENTITY = "iPhone Developer";
				COPY_PHASE_STRIP = NO;
				DEBUG_INFORMATION_FORMAT = "dwarf-with-dsym";
				ENABLE_NS_ASSERTIONS = NO;
				ENABLE_STRICT_OBJC_MSGSEND = YES;
				GCC_C_LANGUAGE_STANDARD = gnu11;
				GCC_NO_COMMON_BLOCKS = YES;
				GCC_WARN_64_TO_32_BIT_CONVERSION = YES;
				GCC_WARN_ABOUT_RETURN_TYPE = YES_ERROR;
				GCC_WARN_UNDECLARED_SELECTOR = YES;
				GCC_WARN_UNINITIALIZED_AUTOS = YES_AGGRESSIVE;
				GCC_WARN_UNUSED_FUNCTION = YES;
				GCC_WARN_UNUSED_VARIABLE = YES;
				IPHONEOS_DEPLOYMENT_TARGET = 11.2;
				MTL_ENABLE_DEBUG_INFO = NO;
				SDKROOT = iphoneos;
				VALIDATE_PRODUCT = YES;
			};
			name = Release;
		};
		AD0EC88420171DBD00632129 /* Debug */ = {
			isa = XCBuildConfiguration;
			buildSettings = {
				ASSETCATALOG_COMPILER_APPICON_NAME = AppIcon;
				CODE_SIGN_STYLE = Manual;
				DEVELOPMENT_TEAM = EL5NT9AF4Q;
				GCC_PRECOMPILE_PREFIX_HEADER = YES;
				GCC_PREFIX_HEADER = AVFoundationDemo/PrefixHeader.pch;
				INFOPLIST_FILE = AVFoundationDemo/Info.plist;
				IPHONEOS_DEPLOYMENT_TARGET = 9.0;
				LD_RUNPATH_SEARCH_PATHS = "$(inherited) @executable_path/Frameworks";
				PRODUCT_BUNDLE_IDENTIFIER = "---.AVFoundationDemo";
				PRODUCT_NAME = "$(TARGET_NAME)";
				PROVISIONING_PROFILE = "01eada7c-cdbe-4afb-a4cb-15dd5b6f6bc4";
				PROVISIONING_PROFILE_SPECIFIER = C_Dev_Wildcard_20171102;
				TARGETED_DEVICE_FAMILY = "1,2";
			};
			name = Debug;
		};
		AD0EC88520171DBD00632129 /* Release */ = {
			isa = XCBuildConfiguration;
			buildSettings = {
				ASSETCATALOG_COMPILER_APPICON_NAME = AppIcon;
				CODE_SIGN_STYLE = Manual;
				DEVELOPMENT_TEAM = "";
				GCC_PRECOMPILE_PREFIX_HEADER = YES;
				GCC_PREFIX_HEADER = AVFoundationDemo/PrefixHeader.pch;
				INFOPLIST_FILE = AVFoundationDemo/Info.plist;
				IPHONEOS_DEPLOYMENT_TARGET = 9.0;
				LD_RUNPATH_SEARCH_PATHS = "$(inherited) @executable_path/Frameworks";
				PRODUCT_BUNDLE_IDENTIFIER = "---.AVFoundationDemo";
				PRODUCT_NAME = "$(TARGET_NAME)";
				PROVISIONING_PROFILE_SPECIFIER = "";
				TARGETED_DEVICE_FAMILY = "1,2";
			};
			name = Release;
		};
/* End XCBuildConfiguration section */

/* Begin XCConfigurationList section */
		AD0EC86820171DBD00632129 /* Build configuration list for PBXProject "AVFoundationDemo" */ = {
			isa = XCConfigurationList;
			buildConfigurations = (
				AD0EC88120171DBD00632129 /* Debug */,
				AD0EC88220171DBD00632129 /* Release */,
			);
			defaultConfigurationIsVisible = 0;
			defaultConfigurationName = Release;
		};
		AD0EC88320171DBD00632129 /* Build configuration list for PBXNativeTarget "AVFoundationDemo" */ = {
			isa = XCConfigurationList;
			buildConfigurations = (
				AD0EC88420171DBD00632129 /* Debug */,
				AD0EC88520171DBD00632129 /* Release */,
			);
			defaultConfigurationIsVisible = 0;
			defaultConfigurationName = Release;
		};
/* End XCConfigurationList section */
	};
	rootObject = AD0EC86520171DBD00632129 /* Project object */;
}
